{
  "name": "advert-test",
  "version": "0.0.1",
  "lockfileVersion": 1,
  "requires": true,
  "dependencies": {
    "sdc-project-base-static": {
      "version": "14.3.0",
      "resolved": "https://sky.jfrog.io/sky/api/npm/npm/sdc-project-base-static/-/sdc-project-base-static-14.3.0.tgz",
      "integrity": "sha512-K3Iw1mUlQpw/OsNp5Ft+78VnsbGtJ4cA2g4aYfdFuBOm7wCX4tTQ8bzWpQgC2Cl5ElirJbdjCQQhG5R/eKt1ag==",
      "dev": true
    }
  }
}
